
Microsoft Visual Studio Solution File, Format Version 12.00
# Visual Studio Version 17
VisualStudioVersion = 17.9.34607.119
MinimumVisualStudioVersion = 10.0.40219.1
Project("{FAE04EC0-301F-11D3-BF4B-00C04F79EFBC}") = "mobiletimeapp.Android", "mobiletimeapp.Android\mobiletimeapp.Android.csproj", "{5C6FF0CB-3D20-4F26-8AF5-F813D107F13A}"
EndProject
Project("{FAE04EC0-301F-11D3-BF4B-00C04F79EFBC}") = "mobiletimeapp.iOS", "mobiletimeapp.iOS\mobiletimeapp.iOS.csproj", "{FC9DEE16-E9BB-4CFB-AC7F-5A55FC864150}"
EndProject
Project("{FAE04EC0-301F-11D3-BF4B-00C04F79EFBC}") = "mobiletimeapp", "mobiletimeapp\mobiletimeapp.csproj", "{7285A15C-0F8C-41A1-8992-CFF996C6A907}"
EndProject
Global
	GlobalSection(SolutionConfigurationPlatforms) = preSolution
		Debug|Any CPU = Debug|Any CPU
		Debug|iPhone = Debug|iPhone
		Debug|iPhoneSimulator = Debug|iPhoneSimulator
		Release|Any CPU = Release|Any CPU
		Release|iPhone = Release|iPhone
		Release|iPhoneSimulator = Release|iPhoneSimulator
	EndGlobalSection
	GlobalSection(ProjectConfigurationPlatforms) = postSolution
		{5C6FF0CB-3D20-4F26-8AF5-F813D107F13A}.Debug|Any CPU.ActiveCfg = Debug|Any CPU
		{5C6FF0CB-3D20-4F26-8AF5-F813D107F13A}.Debug|Any CPU.Build.0 = Debug|Any CPU
		{5C6FF0CB-3D20-4F26-8AF5-F813D107F13A}.Debug|Any CPU.Deploy.0 = Debug|Any CPU
		{5C6FF0CB-3D20-4F26-8AF5-F813D107F13A}.Debug|iPhone.ActiveCfg = Debug|Any CPU
		{5C6FF0CB-3D20-4F26-8AF5-F813D107F13A}.Debug|iPhone.Build.0 = Debug|Any CPU
		{5C6FF0CB-3D20-4F26-8AF5-F813D107F13A}.Debug|iPhone.Deploy.0 = Debug|Any CPU
		{5C6FF0CB-3D20-4F26-8AF5-F813D107F13A}.Debug|iPhoneSimulator.ActiveCfg = Debug|Any CPU
		{5C6FF0CB-3D20-4F26-8AF5-F813D107F13A}.Debug|iPhoneSimulator.Build.0 = Debug|Any CPU
		{5C6FF0CB-3D20-4F26-8AF5-F813D107F13A}.Debug|iPhoneSimulator.Deploy.0 = Debug|Any CPU
		{5C6FF0CB-3D20-4F26-8AF5-F813D107F13A}.Release|Any CPU.ActiveCfg = Release|Any CPU
		{5C6FF0CB-3D20-4F26-8AF5-F813D107F13A}.Release|Any CPU.Build.0 = Release|Any CPU
		{5C6FF0CB-3D20-4F26-8AF5-F813D107F13A}.Release|Any CPU.Deploy.0 = Release|Any CPU
		{5C6FF0CB-3D20-4F26-8AF5-F813D107F13A}.Release|iPhone.ActiveCfg = Release|Any CPU
		{5C6FF0CB-3D20-4F26-8AF5-F813D107F13A}.Release|iPhone.Build.0 = Release|Any CPU
		{5C6FF0CB-3D20-4F26-8AF5-F813D107F13A}.Release|iPhone.Deploy.0 = Release|Any CPU
		{5C6FF0CB-3D20-4F26-8AF5-F813D107F13A}.Release|iPhoneSimulator.ActiveCfg = Release|Any CPU
		{5C6FF0CB-3D20-4F26-8AF5-F813D107F13A}.Release|iPhoneSimulator.Build.0 = Release|Any CPU
		{5C6FF0CB-3D20-4F26-8AF5-F813D107F13A}.Release|iPhoneSimulator.Deploy.0 = Release|Any CPU
		{FC9DEE16-E9BB-4CFB-AC7F-5A55FC864150}.Debug|Any CPU.ActiveCfg = Debug|iPhone
		{FC9DEE16-E9BB-4CFB-AC7F-5A55FC864150}.Debug|Any CPU.Build.0 = Debug|iPhone
		{FC9DEE16-E9BB-4CFB-AC7F-5A55FC864150}.Debug|Any CPU.Deploy.0 = Debug|iPhone
		{FC9DEE16-E9BB-4CFB-AC7F-5A55FC864150}.Debug|iPhone.ActiveCfg = Debug|iPhone
		{FC9DEE16-E9BB-4CFB-AC7F-5A55FC864150}.Debug|iPhone.Build.0 = Debug|iPhone
		{FC9DEE16-E9BB-4CFB-AC7F-5A55FC864150}.Debug|iPhone.Deploy.0 = Debug|iPhone
		{FC9DEE16-E9BB-4CFB-AC7F-5A55FC864150}.Debug|iPhoneSimulator.ActiveCfg = Debug|iPhoneSimulator
		{FC9DEE16-E9BB-4CFB-AC7F-5A55FC864150}.Debug|iPhoneSimulator.Build.0 = Debug|iPhoneSimulator
		{FC9DEE16-E9BB-4CFB-AC7F-5A55FC864150}.Debug|iPhoneSimulator.Deploy.0 = Debug|iPhoneSimulator
		{FC9DEE16-E9BB-4CFB-AC7F-5A55FC864150}.Release|Any CPU.ActiveCfg = Release|iPhoneSimulator
		{FC9DEE16-E9BB-4CFB-AC7F-5A55FC864150}.Release|Any CPU.Build.0 = Release|iPhoneSimulator
		{FC9DEE16-E9BB-4CFB-AC7F-5A55FC864150}.Release|Any CPU.Deploy.0 = Release|iPhoneSimulator
		{FC9DEE16-E9BB-4CFB-AC7F-5A55FC864150}.Release|iPhone.ActiveCfg = Release|iPhone
		{FC9DEE16-E9BB-4CFB-AC7F-5A55FC864150}.Release|iPhone.Build.0 = Release|iPhone
		{FC9DEE16-E9BB-4CFB-AC7F-5A55FC864150}.Release|iPhone.Deploy.0 = Release|iPhone
		{FC9DEE16-E9BB-4CFB-AC7F-5A55FC864150}.Release|iPhoneSimulator.ActiveCfg = Release|iPhoneSimulator
		{FC9DEE16-E9BB-4CFB-AC7F-5A55FC864150}.Release|iPhoneSimulator.Build.0 = Release|iPhoneSimulator
		{FC9DEE16-E9BB-4CFB-AC7F-5A55FC864150}.Release|iPhoneSimulator.Deploy.0 = Release|iPhoneSimulator
		{7285A15C-0F8C-41A1-8992-CFF996C6A907}.Debug|Any CPU.ActiveCfg = Debug|Any CPU
		{7285A15C-0F8C-41A1-8992-CFF996C6A907}.Debug|Any CPU.Build.0 = Debug|Any CPU
		{7285A15C-0F8C-41A1-8992-CFF996C6A907}.Debug|Any CPU.Deploy.0 = Debug|Any CPU
		{7285A15C-0F8C-41A1-8992-CFF996C6A907}.Debug|iPhone.ActiveCfg = Debug|Any CPU
		{7285A15C-0F8C-41A1-8992-CFF996C6A907}.Debug|iPhone.Build.0 = Debug|Any CPU
		{7285A15C-0F8C-41A1-8992-CFF996C6A907}.Debug|iPhone.Deploy.0 = Debug|Any CPU
		{7285A15C-0F8C-41A1-8992-CFF996C6A907}.Debug|iPhoneSimulator.ActiveCfg = Debug|Any CPU
		{7285A15C-0F8C-41A1-8992-CFF996C6A907}.Debug|iPhoneSimulator.Build.0 = Debug|Any CPU
		{7285A15C-0F8C-41A1-8992-CFF996C6A907}.Debug|iPhoneSimulator.Deploy.0 = Debug|Any CPU
		{7285A15C-0F8C-41A1-8992-CFF996C6A907}.Release|Any CPU.ActiveCfg = Release|Any CPU
		{7285A15C-0F8C-41A1-8992-CFF996C6A907}.Release|Any CPU.Build.0 = Release|Any CPU
		{7285A15C-0F8C-41A1-8992-CFF996C6A907}.Release|Any CPU.Deploy.0 = Release|Any CPU
		{7285A15C-0F8C-41A1-8992-CFF996C6A907}.Release|iPhone.ActiveCfg = Release|Any CPU
		{7285A15C-0F8C-41A1-8992-CFF996C6A907}.Release|iPhone.Build.0 = Release|Any CPU
		{7285A15C-0F8C-41A1-8992-CFF996C6A907}.Release|iPhone.Deploy.0 = Release|Any CPU
		{7285A15C-0F8C-41A1-8992-CFF996C6A907}.Release|iPhoneSimulator.ActiveCfg = Release|Any CPU
		{7285A15C-0F8C-41A1-8992-CFF996C6A907}.Release|iPhoneSimulator.Build.0 = Release|Any CPU
		{7285A15C-0F8C-41A1-8992-CFF996C6A907}.Release|iPhoneSimulator.Deploy.0 = Release|Any CPU
	EndGlobalSection
	GlobalSection(SolutionProperties) = preSolution
		HideSolutionNode = FALSE
	EndGlobalSection
	GlobalSection(ExtensibilityGlobals) = postSolution
		SolutionGuid = {F61A0CAE-7219-4956-AA53-9E4535CCD86D}
	EndGlobalSection
EndGlobal
