
Microsoft Visual Studio Solution File, Format Version 12.00
# Visual Studio Version 17
VisualStudioVersion = 17.9.34607.119
MinimumVisualStudioVersion = 10.0.40219.1
Project("{FAE04EC0-301F-11D3-BF4B-00C04F79EFBC}") = "mobiletimeapp.Android", "mobiletimeapp.Android\mobiletimeapp.Android.csproj", "{8F67ABDF-57D1-41AC-9C66-E758CE8565D8}"
EndProject
Project("{FAE04EC0-301F-11D3-BF4B-00C04F79EFBC}") = "mobiletimeapp.iOS", "mobiletimeapp.iOS\mobiletimeapp.iOS.csproj", "{0CF0154E-FC43-49F2-B6D5-2E848144B3AA}"
EndProject
Project("{FAE04EC0-301F-11D3-BF4B-00C04F79EFBC}") = "mobiletimeapp", "mobiletimeapp\mobiletimeapp.csproj", "{4AE53BA0-7235-459C-BD66-5AB779B64000}"
EndProject
Global
	GlobalSection(SolutionConfigurationPlatforms) = preSolution
		Debug|Any CPU = Debug|Any CPU
		Debug|iPhone = Debug|iPhone
		Debug|iPhoneSimulator = Debug|iPhoneSimulator
		Release|Any CPU = Release|Any CPU
		Release|iPhone = Release|iPhone
		Release|iPhoneSimulator = Release|iPhoneSimulator
	EndGlobalSection
	GlobalSection(ProjectConfigurationPlatforms) = postSolution
		{8F67ABDF-57D1-41AC-9C66-E758CE8565D8}.Debug|Any CPU.ActiveCfg = Debug|Any CPU
		{8F67ABDF-57D1-41AC-9C66-E758CE8565D8}.Debug|Any CPU.Build.0 = Debug|Any CPU
		{8F67ABDF-57D1-41AC-9C66-E758CE8565D8}.Debug|Any CPU.Deploy.0 = Debug|Any CPU
		{8F67ABDF-57D1-41AC-9C66-E758CE8565D8}.Debug|iPhone.ActiveCfg = Debug|Any CPU
		{8F67ABDF-57D1-41AC-9C66-E758CE8565D8}.Debug|iPhone.Build.0 = Debug|Any CPU
		{8F67ABDF-57D1-41AC-9C66-E758CE8565D8}.Debug|iPhone.Deploy.0 = Debug|Any CPU
		{8F67ABDF-57D1-41AC-9C66-E758CE8565D8}.Debug|iPhoneSimulator.ActiveCfg = Debug|Any CPU
		{8F67ABDF-57D1-41AC-9C66-E758CE8565D8}.Debug|iPhoneSimulator.Build.0 = Debug|Any CPU
		{8F67ABDF-57D1-41AC-9C66-E758CE8565D8}.Debug|iPhoneSimulator.Deploy.0 = Debug|Any CPU
		{8F67ABDF-57D1-41AC-9C66-E758CE8565D8}.Release|Any CPU.ActiveCfg = Release|Any CPU
		{8F67ABDF-57D1-41AC-9C66-E758CE8565D8}.Release|Any CPU.Build.0 = Release|Any CPU
		{8F67ABDF-57D1-41AC-9C66-E758CE8565D8}.Release|Any CPU.Deploy.0 = Release|Any CPU
		{8F67ABDF-57D1-41AC-9C66-E758CE8565D8}.Release|iPhone.ActiveCfg = Release|Any CPU
		{8F67ABDF-57D1-41AC-9C66-E758CE8565D8}.Release|iPhone.Build.0 = Release|Any CPU
		{8F67ABDF-57D1-41AC-9C66-E758CE8565D8}.Release|iPhone.Deploy.0 = Release|Any CPU
		{8F67ABDF-57D1-41AC-9C66-E758CE8565D8}.Release|iPhoneSimulator.ActiveCfg = Release|Any CPU
		{8F67ABDF-57D1-41AC-9C66-E758CE8565D8}.Release|iPhoneSimulator.Build.0 = Release|Any CPU
		{8F67ABDF-57D1-41AC-9C66-E758CE8565D8}.Release|iPhoneSimulator.Deploy.0 = Release|Any CPU
		{0CF0154E-FC43-49F2-B6D5-2E848144B3AA}.Debug|Any CPU.ActiveCfg = Debug|iPhone
		{0CF0154E-FC43-49F2-B6D5-2E848144B3AA}.Debug|Any CPU.Build.0 = Debug|iPhone
		{0CF0154E-FC43-49F2-B6D5-2E848144B3AA}.Debug|Any CPU.Deploy.0 = Debug|iPhone
		{0CF0154E-FC43-49F2-B6D5-2E848144B3AA}.Debug|iPhone.ActiveCfg = Debug|iPhone
		{0CF0154E-FC43-49F2-B6D5-2E848144B3AA}.Debug|iPhone.Build.0 = Debug|iPhone
		{0CF0154E-FC43-49F2-B6D5-2E848144B3AA}.Debug|iPhone.Deploy.0 = Debug|iPhone
		{0CF0154E-FC43-49F2-B6D5-2E848144B3AA}.Debug|iPhoneSimulator.ActiveCfg = Debug|iPhoneSimulator
		{0CF0154E-FC43-49F2-B6D5-2E848144B3AA}.Debug|iPhoneSimulator.Build.0 = Debug|iPhoneSimulator
		{0CF0154E-FC43-49F2-B6D5-2E848144B3AA}.Debug|iPhoneSimulator.Deploy.0 = Debug|iPhoneSimulator
		{0CF0154E-FC43-49F2-B6D5-2E848144B3AA}.Release|Any CPU.ActiveCfg = Release|iPhoneSimulator
		{0CF0154E-FC43-49F2-B6D5-2E848144B3AA}.Release|Any CPU.Build.0 = Release|iPhoneSimulator
		{0CF0154E-FC43-49F2-B6D5-2E848144B3AA}.Release|Any CPU.Deploy.0 = Release|iPhoneSimulator
		{0CF0154E-FC43-49F2-B6D5-2E848144B3AA}.Release|iPhone.ActiveCfg = Release|iPhone
		{0CF0154E-FC43-49F2-B6D5-2E848144B3AA}.Release|iPhone.Build.0 = Release|iPhone
		{0CF0154E-FC43-49F2-B6D5-2E848144B3AA}.Release|iPhone.Deploy.0 = Release|iPhone
		{0CF0154E-FC43-49F2-B6D5-2E848144B3AA}.Release|iPhoneSimulator.ActiveCfg = Release|iPhoneSimulator
		{0CF0154E-FC43-49F2-B6D5-2E848144B3AA}.Release|iPhoneSimulator.Build.0 = Release|iPhoneSimulator
		{0CF0154E-FC43-49F2-B6D5-2E848144B3AA}.Release|iPhoneSimulator.Deploy.0 = Release|iPhoneSimulator
		{4AE53BA0-7235-459C-BD66-5AB779B64000}.Debug|Any CPU.ActiveCfg = Debug|Any CPU
		{4AE53BA0-7235-459C-BD66-5AB779B64000}.Debug|Any CPU.Build.0 = Debug|Any CPU
		{4AE53BA0-7235-459C-BD66-5AB779B64000}.Debug|Any CPU.Deploy.0 = Debug|Any CPU
		{4AE53BA0-7235-459C-BD66-5AB779B64000}.Debug|iPhone.ActiveCfg = Debug|Any CPU
		{4AE53BA0-7235-459C-BD66-5AB779B64000}.Debug|iPhone.Build.0 = Debug|Any CPU
		{4AE53BA0-7235-459C-BD66-5AB779B64000}.Debug|iPhone.Deploy.0 = Debug|Any CPU
		{4AE53BA0-7235-459C-BD66-5AB779B64000}.Debug|iPhoneSimulator.ActiveCfg = Debug|Any CPU
		{4AE53BA0-7235-459C-BD66-5AB779B64000}.Debug|iPhoneSimulator.Build.0 = Debug|Any CPU
		{4AE53BA0-7235-459C-BD66-5AB779B64000}.Debug|iPhoneSimulator.Deploy.0 = Debug|Any CPU
		{4AE53BA0-7235-459C-BD66-5AB779B64000}.Release|Any CPU.ActiveCfg = Release|Any CPU
		{4AE53BA0-7235-459C-BD66-5AB779B64000}.Release|Any CPU.Build.0 = Release|Any CPU
		{4AE53BA0-7235-459C-BD66-5AB779B64000}.Release|Any CPU.Deploy.0 = Release|Any CPU
		{4AE53BA0-7235-459C-BD66-5AB779B64000}.Release|iPhone.ActiveCfg = Release|Any CPU
		{4AE53BA0-7235-459C-BD66-5AB779B64000}.Release|iPhone.Build.0 = Release|Any CPU
		{4AE53BA0-7235-459C-BD66-5AB779B64000}.Release|iPhone.Deploy.0 = Release|Any CPU
		{4AE53BA0-7235-459C-BD66-5AB779B64000}.Release|iPhoneSimulator.ActiveCfg = Release|Any CPU
		{4AE53BA0-7235-459C-BD66-5AB779B64000}.Release|iPhoneSimulator.Build.0 = Release|Any CPU
		{4AE53BA0-7235-459C-BD66-5AB779B64000}.Release|iPhoneSimulator.Deploy.0 = Release|Any CPU
	EndGlobalSection
	GlobalSection(SolutionProperties) = preSolution
		HideSolutionNode = FALSE
	EndGlobalSection
	GlobalSection(ExtensibilityGlobals) = postSolution
		SolutionGuid = {3CBA0315-2414-4B9D-995F-12F6B090C57D}
	EndGlobalSection
EndGlobal
