
Microsoft Visual Studio Solution File, Format Version 12.00
# Visual Studio Version 17
VisualStudioVersion = 17.8.34525.116
MinimumVisualStudioVersion = 10.0.40219.1
Project("{FAE04EC0-301F-11D3-BF4B-00C04F79EFBC}") = "mobiletimeapp", "mobiletimeapp.csproj", "{A2DD44F9-B9A7-43F3-8E44-3E4600744BC9}"
EndProject
Global
	GlobalSection(SolutionConfigurationPlatforms) = preSolution
		Debug|Any CPU = Debug|Any CPU
		Release|Any CPU = Release|Any CPU
	EndGlobalSection
	GlobalSection(ProjectConfigurationPlatforms) = postSolution
		{A2DD44F9-B9A7-43F3-8E44-3E4600744BC9}.Debug|Any CPU.ActiveCfg = Debug|Any CPU
		{A2DD44F9-B9A7-43F3-8E44-3E4600744BC9}.Debug|Any CPU.Build.0 = Debug|Any CPU
		{A2DD44F9-B9A7-43F3-8E44-3E4600744BC9}.Debug|Any CPU.Deploy.0 = Debug|Any CPU
		{A2DD44F9-B9A7-43F3-8E44-3E4600744BC9}.Release|Any CPU.ActiveCfg = Release|Any CPU
		{A2DD44F9-B9A7-43F3-8E44-3E4600744BC9}.Release|Any CPU.Build.0 = Release|Any CPU
		{A2DD44F9-B9A7-43F3-8E44-3E4600744BC9}.Release|Any CPU.Deploy.0 = Release|Any CPU
	EndGlobalSection
	GlobalSection(SolutionProperties) = preSolution
		HideSolutionNode = FALSE
	EndGlobalSection
	GlobalSection(ExtensibilityGlobals) = postSolution
		SolutionGuid = {0AE5F5BB-2D06-47AE-AD11-27623414B696}
	EndGlobalSection
EndGlobal
