
Microsoft Visual Studio Solution File, Format Version 12.00
# Visual Studio Version 17
VisualStudioVersion = 17.8.34525.116
MinimumVisualStudioVersion = 10.0.40219.1
Project("{FAE04EC0-301F-11D3-BF4B-00C04F79EFBC}") = "prjTimeapp", "prjTimeapp\prjTimeapp.csproj", "{6C91E1D0-DEB3-4CCA-B840-93A32C0656EC}"
EndProject
Global
	GlobalSection(SolutionConfigurationPlatforms) = preSolution
		Debug|Any CPU = Debug|Any CPU
		Release|Any CPU = Release|Any CPU
	EndGlobalSection
	GlobalSection(ProjectConfigurationPlatforms) = postSolution
		{6C91E1D0-DEB3-4CCA-B840-93A32C0656EC}.Debug|Any CPU.ActiveCfg = Debug|Any CPU
		{6C91E1D0-DEB3-4CCA-B840-93A32C0656EC}.Debug|Any CPU.Build.0 = Debug|Any CPU
		{6C91E1D0-DEB3-4CCA-B840-93A32C0656EC}.Release|Any CPU.ActiveCfg = Release|Any CPU
		{6C91E1D0-DEB3-4CCA-B840-93A32C0656EC}.Release|Any CPU.Build.0 = Release|Any CPU
	EndGlobalSection
	GlobalSection(SolutionProperties) = preSolution
		HideSolutionNode = FALSE
	EndGlobalSection
	GlobalSection(ExtensibilityGlobals) = postSolution
		SolutionGuid = {BE1CE301-B342-4629-B1F1-460508D40C84}
	EndGlobalSection
EndGlobal
